
Microsoft Visual Studio Solution File, Format Version 12.00
# Visual Studio Version 16
VisualStudioVersion = 16.0.31624.102
MinimumVisualStudioVersion = 10.0.40219.1
Project("{FAE04EC0-301F-11D3-BF4B-00C04F79EFBC}") = "DVH1621050875", "DVH1621050875.csproj", "{DEF9FDEA-70F0-49E6-8615-08DADE56E08C}"
EndProject
Global
	GlobalSection(SolutionConfigurationPlatforms) = preSolution
		Debug|Any CPU = Debug|Any CPU
		Release|Any CPU = Release|Any CPU
	EndGlobalSection
	GlobalSection(ProjectConfigurationPlatforms) = postSolution
		{DEF9FDEA-70F0-49E6-8615-08DADE56E08C}.Debug|Any CPU.ActiveCfg = Debug|Any CPU
		{DEF9FDEA-70F0-49E6-8615-08DADE56E08C}.Debug|Any CPU.Build.0 = Debug|Any CPU
		{DEF9FDEA-70F0-49E6-8615-08DADE56E08C}.Release|Any CPU.ActiveCfg = Release|Any CPU
		{DEF9FDEA-70F0-49E6-8615-08DADE56E08C}.Release|Any CPU.Build.0 = Release|Any CPU
	EndGlobalSection
	GlobalSection(SolutionProperties) = preSolution
		HideSolutionNode = FALSE
	EndGlobalSection
	GlobalSection(ExtensibilityGlobals) = postSolution
		SolutionGuid = {B758ED96-1F17-4761-80D4-5DB688EAA77C}
	EndGlobalSection
EndGlobal
